
Microsoft Visual Studio Solution File, Format Version 12.00
# Visual Studio 15
VisualStudioVersion = 15.0.28010.2016
MinimumVisualStudioVersion = 10.0.40219.1
Project("{FAE04EC0-301F-11D3-BF4B-00C04F79EFBC}") = "SonmInstaller.ViewDesign", "SonmInstaller.ViewDesign\SonmInstaller.ViewDesign.csproj", "{C4AC0C2D-03FD-4205-ADA4-5537299A869D}"
EndProject
Project("{F2A71F9B-5D33-465A-A702-920D77279786}") = "SonmInstaller", "SonmInstaller\SonmInstaller.fsproj", "{EFDC57F9-DFDC-4D00-B597-76BC5DFB9F78}"
EndProject
Project("{FAE04EC0-301F-11D3-BF4B-00C04F79EFBC}") = "UsbDrivesManager", "UsbDrivesManager\UsbDrivesManager.csproj", "{7CAA526E-CC9D-435A-8286-F3F6265DE9BB}"
EndProject
Project("{FAE04EC0-301F-11D3-BF4B-00C04F79EFBC}") = "SonmEther", "SonmEther\SonmEther.csproj", "{34C7CD79-A011-4671-855E-A190E8B9A18A}"
EndProject
Global
	GlobalSection(SolutionConfigurationPlatforms) = preSolution
		Debug|Any CPU = Debug|Any CPU
		Release|Any CPU = Release|Any CPU
	EndGlobalSection
	GlobalSection(ProjectConfigurationPlatforms) = postSolution
		{C4AC0C2D-03FD-4205-ADA4-5537299A869D}.Debug|Any CPU.ActiveCfg = Debug|Any CPU
		{C4AC0C2D-03FD-4205-ADA4-5537299A869D}.Debug|Any CPU.Build.0 = Debug|Any CPU
		{C4AC0C2D-03FD-4205-ADA4-5537299A869D}.Release|Any CPU.ActiveCfg = Release|Any CPU
		{C4AC0C2D-03FD-4205-ADA4-5537299A869D}.Release|Any CPU.Build.0 = Release|Any CPU
		{EFDC57F9-DFDC-4D00-B597-76BC5DFB9F78}.Debug|Any CPU.ActiveCfg = Debug|Any CPU
		{EFDC57F9-DFDC-4D00-B597-76BC5DFB9F78}.Debug|Any CPU.Build.0 = Debug|Any CPU
		{EFDC57F9-DFDC-4D00-B597-76BC5DFB9F78}.Release|Any CPU.ActiveCfg = Release|Any CPU
		{EFDC57F9-DFDC-4D00-B597-76BC5DFB9F78}.Release|Any CPU.Build.0 = Release|Any CPU
		{7CAA526E-CC9D-435A-8286-F3F6265DE9BB}.Debug|Any CPU.ActiveCfg = Debug|Any CPU
		{7CAA526E-CC9D-435A-8286-F3F6265DE9BB}.Debug|Any CPU.Build.0 = Debug|Any CPU
		{7CAA526E-CC9D-435A-8286-F3F6265DE9BB}.Release|Any CPU.ActiveCfg = Release|Any CPU
		{7CAA526E-CC9D-435A-8286-F3F6265DE9BB}.Release|Any CPU.Build.0 = Release|Any CPU
		{34C7CD79-A011-4671-855E-A190E8B9A18A}.Debug|Any CPU.ActiveCfg = Debug|Any CPU
		{34C7CD79-A011-4671-855E-A190E8B9A18A}.Debug|Any CPU.Build.0 = Debug|Any CPU
		{34C7CD79-A011-4671-855E-A190E8B9A18A}.Release|Any CPU.ActiveCfg = Release|Any CPU
		{34C7CD79-A011-4671-855E-A190E8B9A18A}.Release|Any CPU.Build.0 = Release|Any CPU
	EndGlobalSection
	GlobalSection(SolutionProperties) = preSolution
		HideSolutionNode = FALSE
	EndGlobalSection
	GlobalSection(ExtensibilityGlobals) = postSolution
		SolutionGuid = {2418CBFB-E3EA-4A97-9FAE-E6DDF69097F7}
	EndGlobalSection
EndGlobal
